// !$*UTF8*$!
{
	archiveVersion = 1;
	classes = {
	};
	objectVersion = 56;
	objects = {

/* Begin PBXBuildFile section */
		B3E555722AA7520E00525771 /* main.swift in Sources */ = {isa = PBXBuildFile; fileRef = B3E555712AA7520E00525771 /* main.swift */; };
		B3E555792AA757E700525771 /* HeritageChallenge.swift in Sources */ = {isa = PBXBuildFile; fileRef = B3E555782AA757E700525771 /* HeritageChallenge.swift */; };
		B3E5557B2AA75D1B00525771 /* AbstractionChallenge.swift in Sources */ = {isa = PBXBuildFile; fileRef = B3E5557A2AA75D1B00525771 /* AbstractionChallenge.swift */; };
		B3E5557D2AA7608F00525771 /* ArrayChallenge.swift in Sources */ = {isa = PBXBuildFile; fileRef = B3E5557C2AA7608F00525771 /* ArrayChallenge.swift */; };
		B3E5557F2AA76C6B00525771 /* CastChallenge.swift in Sources */ = {isa = PBXBuildFile; fileRef = B3E5557E2AA76C6B00525771 /* CastChallenge.swift */; };
/* End PBXBuildFile section */

/* Begin PBXCopyFilesBuildPhase section */
		B3E5556C2AA7520E00525771 /* CopyFiles */ = {
			isa = PBXCopyFilesBuildPhase;
			buildActionMask = 2147483647;
			dstPath = /usr/share/man/man1/;
			dstSubfolderSpec = 0;
			files = (
			);
			runOnlyForDeploymentPostprocessing = 1;
		};
/* End PBXCopyFilesBuildPhase section */

/* Begin PBXFileReference section */
		B3E5556E2AA7520E00525771 /* DioCLT */ = {isa = PBXFileReference; explicitFileType = "compiled.mach-o.executable"; includeInIndex = 0; path = DioCLT; sourceTree = BUILT_PRODUCTS_DIR; };
		B3E555712AA7520E00525771 /* main.swift */ = {isa = PBXFileReference; lastKnownFileType = sourcecode.swift; path = main.swift; sourceTree = "<group>"; };
		B3E555782AA757E700525771 /* HeritageChallenge.swift */ = {isa = PBXFileReference; lastKnownFileType = sourcecode.swift; path = HeritageChallenge.swift; sourceTree = "<group>"; };
		B3E5557A2AA75D1B00525771 /* AbstractionChallenge.swift */ = {isa = PBXFileReference; lastKnownFileType = sourcecode.swift; path = AbstractionChallenge.swift; sourceTree = "<group>"; };
		B3E5557C2AA7608F00525771 /* ArrayChallenge.swift */ = {isa = PBXFileReference; lastKnownFileType = sourcecode.swift; path = ArrayChallenge.swift; sourceTree = "<group>"; };
		B3E5557E2AA76C6B00525771 /* CastChallenge.swift */ = {isa = PBXFileReference; lastKnownFileType = sourcecode.swift; path = CastChallenge.swift; sourceTree = "<group>"; };
/* End PBXFileReference section */

/* Begin PBXFrameworksBuildPhase section */
		B3E5556B2AA7520E00525771 /* Frameworks */ = {
			isa = PBXFrameworksBuildPhase;
			buildActionMask = 2147483647;
			files = (
			);
			runOnlyForDeploymentPostprocessing = 0;
		};
/* End PBXFrameworksBuildPhase section */

/* Begin PBXGroup section */
		B3E555652AA7520E00525771 = {
			isa = PBXGroup;
			children = (
				B3E555702AA7520E00525771 /* DioCLT */,
				B3E5556F2AA7520E00525771 /* Products */,
			);
			sourceTree = "<group>";
		};
		B3E5556F2AA7520E00525771 /* Products */ = {
			isa = PBXGroup;
			children = (
				B3E5556E2AA7520E00525771 /* DioCLT */,
			);
			name = Products;
			sourceTree = "<group>";
		};
		B3E555702AA7520E00525771 /* DioCLT */ = {
			isa = PBXGroup;
			children = (
				B3E555712AA7520E00525771 /* main.swift */,
				B3E555782AA757E700525771 /* HeritageChallenge.swift */,
				B3E5557A2AA75D1B00525771 /* AbstractionChallenge.swift */,
				B3E5557C2AA7608F00525771 /* ArrayChallenge.swift */,
				B3E5557E2AA76C6B00525771 /* CastChallenge.swift */,
			);
			path = DioCLT;
			sourceTree = "<group>";
		};
/* End PBXGroup section */

/* Begin PBXNativeTarget section */
		B3E5556D2AA7520E00525771 /* DioCLT */ = {
			isa = PBXNativeTarget;
			buildConfigurationList = B3E555752AA7520E00525771 /* Build configuration list for PBXNativeTarget "DioCLT" */;
			buildPhases = (
				B3E5556A2AA7520E00525771 /* Sources */,
				B3E5556B2AA7520E00525771 /* Frameworks */,
				B3E5556C2AA7520E00525771 /* CopyFiles */,
			);
			buildRules = (
			);
			dependencies = (
			);
			name = DioCLT;
			productName = DioCLT;
			productReference = B3E5556E2AA7520E00525771 /* DioCLT */;
			productType = "com.apple.product-type.tool";
		};
/* End PBXNativeTarget section */

/* Begin PBXProject section */
		B3E555662AA7520E00525771 /* Project object */ = {
			isa = PBXProject;
			attributes = {
				BuildIndependentTargetsInParallel = 1;
				LastSwiftUpdateCheck = 1430;
				LastUpgradeCheck = 1430;
				TargetAttributes = {
					B3E5556D2AA7520E00525771 = {
						CreatedOnToolsVersion = 14.3.1;
					};
				};
			};
			buildConfigurationList = B3E555692AA7520E00525771 /* Build configuration list for PBXProject "DioCLT" */;
			compatibilityVersion = "Xcode 14.0";
			developmentRegion = en;
			hasScannedForEncodings = 0;
			knownRegions = (
				en,
				Base,
			);
			mainGroup = B3E555652AA7520E00525771;
			productRefGroup = B3E5556F2AA7520E00525771 /* Products */;
			projectDirPath = "";
			projectRoot = "";
			targets = (
				B3E5556D2AA7520E00525771 /* DioCLT */,
			);
		};
/* End PBXProject section */

/* Begin PBXSourcesBuildPhase section */
		B3E5556A2AA7520E00525771 /* Sources */ = {
			isa = PBXSourcesBuildPhase;
			buildActionMask = 2147483647;
			files = (
				B3E555792AA757E700525771 /* HeritageChallenge.swift in Sources */,
				B3E5557D2AA7608F00525771 /* ArrayChallenge.swift in Sources */,
				B3E5557B2AA75D1B00525771 /* AbstractionChallenge.swift in Sources */,
				B3E555722AA7520E00525771 /* main.swift in Sources */,
				B3E5557F2AA76C6B00525771 /* CastChallenge.swift in Sources */,
			);
			runOnlyForDeploymentPostprocessing = 0;
		};
/* End PBXSourcesBuildPhase section */

/* Begin XCBuildConfiguration section */
		B3E555732AA7520E00525771 /* Debug */ = {
			isa = XCBuildConfiguration;
			buildSettings = {
				ALWAYS_SEARCH_USER_PATHS = NO;
				CLANG_ANALYZER_NONNULL = YES;
				CLANG_ANALYZER_NUMBER_OBJECT_CONVERSION = YES_AGGRESSIVE;
				CLANG_CXX_LANGUAGE_STANDARD = "gnu++20";
				CLANG_ENABLE_MODULES = YES;
				CLANG_ENABLE_OBJC_ARC = YES;
				CLANG_ENABLE_OBJC_WEAK = YES;
				CLANG_WARN_BLOCK_CAPTURE_AUTORELEASING = YES;
				CLANG_WARN_BOOL_CONVERSION = YES;
				CLANG_WARN_COMMA = YES;
				CLANG_WARN_CONSTANT_CONVERSION = YES;
				CLANG_WARN_DEPRECATED_OBJC_IMPLEMENTATIONS = YES;
				CLANG_WARN_DIRECT_OBJC_ISA_USAGE = YES_ERROR;
				CLANG_WARN_DOCUMENTATION_COMMENTS = YES;
				CLANG_WARN_EMPTY_BODY = YES;
				CLANG_WARN_ENUM_CONVERSION = YES;
				CLANG_WARN_INFINITE_RECURSION = YES;
				CLANG_WARN_INT_CONVERSION = YES;
				CLANG_WARN_NON_LITERAL_NULL_CONVERSION = YES;
				CLANG_WARN_OBJC_IMPLICIT_RETAIN_SELF = YES;
				CLANG_WARN_OBJC_LITERAL_CONVERSION = YES;
				CLANG_WARN_OBJC_ROOT_CLASS = YES_ERROR;
				CLANG_WARN_QUOTED_INCLUDE_IN_FRAMEWORK_HEADER = YES;
				CLANG_WARN_RANGE_LOOP_ANALYSIS = YES;
				CLANG_WARN_STRICT_PROTOTYPES = YES;
				CLANG_WARN_SUSPICIOUS_MOVE = YES;
				CLANG_WARN_UNGUARDED_AVAILABILITY = YES_AGGRESSIVE;
				CLANG_WARN_UNREACHABLE_CODE = YES;
				CLANG_WARN__DUPLICATE_METHOD_MATCH = YES;
				COPY_PHASE_STRIP = NO;
				DEBUG_INFORMATION_FORMAT = dwarf;
				ENABLE_STRICT_OBJC_MSGSEND = YES;
				ENABLE_TESTABILITY = YES;
				GCC_C_LANGUAGE_STANDARD = gnu11;
				GCC_DYNAMIC_NO_PIC = NO;
				GCC_NO_COMMON_BLOCKS = YES;
				GCC_OPTIMIZATION_LEVEL = 0;
				GCC_PREPROCESSOR_DEFINITIONS = (
					"DEBUG=1",
					"$(inherited)",
				);
				GCC_WARN_64_TO_32_BIT_CONVERSION = YES;
				GCC_WARN_ABOUT_RETURN_TYPE = YES_ERROR;
				GCC_WARN_UNDECLARED_SELECTOR = YES;
				GCC_WARN_UNINITIALIZED_AUTOS = YES_AGGRESSIVE;
				GCC_WARN_UNUSED_FUNCTION = YES;
				GCC_WARN_UNUSED_VARIABLE = YES;
				MACOSX_DEPLOYMENT_TARGET = 13.3;
				MTL_ENABLE_DEBUG_INFO = INCLUDE_SOURCE;
				MTL_FAST_MATH = YES;
				ONLY_ACTIVE_ARCH = YES;
				SDKROOT = macosx;
				SWIFT_ACTIVE_COMPILATION_CONDITIONS = DEBUG;
				SWIFT_OPTIMIZATION_LEVEL = "-Onone";
			};
			name = Debug;
		};
		B3E555742AA7520E00525771 /* Release */ = {
			isa = XCBuildConfiguration;
			buildSettings = {
				ALWAYS_SEARCH_USER_PATHS = NO;
				CLANG_ANALYZER_NONNULL = YES;
				CLANG_ANALYZER_NUMBER_OBJECT_CONVERSION = YES_AGGRESSIVE;
				CLANG_CXX_LANGUAGE_STANDARD = "gnu++20";
				CLANG_ENABLE_MODULES = YES;
				CLANG_ENABLE_OBJC_ARC = YES;
				CLANG_ENABLE_OBJC_WEAK = YES;
				CLANG_WARN_BLOCK_CAPTURE_AUTORELEASING = YES;
				CLANG_WARN_BOOL_CONVERSION = YES;
				CLANG_WARN_COMMA = YES;
				CLANG_WARN_CONSTANT_CONVERSION = YES;
				CLANG_WARN_DEPRECATED_OBJC_IMPLEMENTATIONS = YES;
				CLANG_WARN_DIRECT_OBJC_ISA_USAGE = YES_ERROR;
				CLANG_WARN_DOCUMENTATION_COMMENTS = YES;
				CLANG_WARN_EMPTY_BODY = YES;
				CLANG_WARN_ENUM_CONVERSION = YES;
				CLANG_WARN_INFINITE_RECURSION = YES;
				CLANG_WARN_INT_CONVERSION = YES;
				CLANG_WARN_NON_LITERAL_NULL_CONVERSION = YES;
				CLANG_WARN_OBJC_IMPLICIT_RETAIN_SELF = YES;
				CLANG_WARN_OBJC_LITERAL_CONVERSION = YES;
				CLANG_WARN_OBJC_ROOT_CLASS = YES_ERROR;
				CLANG_WARN_QUOTED_INCLUDE_IN_FRAMEWORK_HEADER = YES;
				CLANG_WARN_RANGE_LOOP_ANALYSIS = YES;
				CLANG_WARN_STRICT_PROTOTYPES = YES;
				CLANG_WARN_SUSPICIOUS_MOVE = YES;
				CLANG_WARN_UNGUARDED_AVAILABILITY = YES_AGGRESSIVE;
				CLANG_WARN_UNREACHABLE_CODE = YES;
				CLANG_WARN__DUPLICATE_METHOD_MATCH = YES;
				COPY_PHASE_STRIP = NO;
				DEBUG_INFORMATION_FORMAT = "dwarf-with-dsym";
				ENABLE_NS_ASSERTIONS = NO;
				ENABLE_STRICT_OBJC_MSGSEND = YES;
				GCC_C_LANGUAGE_STANDARD = gnu11;
				GCC_NO_COMMON_BLOCKS = YES;
				GCC_WARN_64_TO_32_BIT_CONVERSION = YES;
				GCC_WARN_ABOUT_RETURN_TYPE = YES_ERROR;
				GCC_WARN_UNDECLARED_SELECTOR = YES;
				GCC_WARN_UNINITIALIZED_AUTOS = YES_AGGRESSIVE;
				GCC_WARN_UNUSED_FUNCTION = YES;
				GCC_WARN_UNUSED_VARIABLE = YES;
				MACOSX_DEPLOYMENT_TARGET = 13.3;
				MTL_ENABLE_DEBUG_INFO = NO;
				MTL_FAST_MATH = YES;
				SDKROOT = macosx;
				SWIFT_COMPILATION_MODE = wholemodule;
				SWIFT_OPTIMIZATION_LEVEL = "-O";
			};
			name = Release;
		};
		B3E555762AA7520E00525771 /* Debug */ = {
			isa = XCBuildConfiguration;
			buildSettings = {
				"CODE_SIGN_IDENTITY[sdk=macosx*]" = "-";
				CODE_SIGN_STYLE = Automatic;
				DEVELOPMENT_TEAM = AWW6W4HY73;
				ENABLE_HARDENED_RUNTIME = YES;
				PRODUCT_NAME = "$(TARGET_NAME)";
				SWIFT_VERSION = 5.0;
			};
			name = Debug;
		};
		B3E555772AA7520E00525771 /* Release */ = {
			isa = XCBuildConfiguration;
			buildSettings = {
				"CODE_SIGN_IDENTITY[sdk=macosx*]" = "-";
				CODE_SIGN_STYLE = Automatic;
				DEVELOPMENT_TEAM = AWW6W4HY73;
				ENABLE_HARDENED_RUNTIME = YES;
				PRODUCT_NAME = "$(TARGET_NAME)";
				SWIFT_VERSION = 5.0;
			};
			name = Release;
		};
/* End XCBuildConfiguration section */

/* Begin XCConfigurationList section */
		B3E555692AA7520E00525771 /* Build configuration list for PBXProject "DioCLT" */ = {
			isa = XCConfigurationList;
			buildConfigurations = (
				B3E555732AA7520E00525771 /* Debug */,
				B3E555742AA7520E00525771 /* Release */,
			);
			defaultConfigurationIsVisible = 0;
			defaultConfigurationName = Release;
		};
		B3E555752AA7520E00525771 /* Build configuration list for PBXNativeTarget "DioCLT" */ = {
			isa = XCConfigurationList;
			buildConfigurations = (
				B3E555762AA7520E00525771 /* Debug */,
				B3E555772AA7520E00525771 /* Release */,
			);
			defaultConfigurationIsVisible = 0;
			defaultConfigurationName = Release;
		};
/* End XCConfigurationList section */
	};
	rootObject = B3E555662AA7520E00525771 /* Project object */;
}
