PODS:
  - DioNetworkBootcamp (1.0.1)
  - lottie-ios (4.3.3)
  - SDWebImage (5.18.2):
    - SDWebImage/Core (= 5.18.2)
  - SDWebImage/Core (5.18.2)

DEPENDENCIES:
  - DioNetworkBootcamp (from `https://github.com/giusevero/DioNetworkBootcamp`, branch `main`)
  - lottie-ios
  - SDWebImage (~> 5.0)

SPEC REPOS:
  trunk:
    - lottie-ios
    - SDWebImage

EXTERNAL SOURCES:
  DioNetworkBootcamp:
    :branch: main
    :git: https://github.com/giusevero/DioNetworkBootcamp

CHECKOUT OPTIONS:
  DioNetworkBootcamp:
    :commit: 686be5bab71be4355e32c8d5e1a5cbf2b6479522
    :git: https://github.com/giusevero/DioNetworkBootcamp

SPEC CHECKSUMS:
  DioNetworkBootcamp: 2566d675246aa1602c174265a75a288f20f8d255
  lottie-ios: 25e7b2675dad5c3ddad369ac9baab03560c5bfdd
  SDWebImage: c0de394d7cf7f9838aed1fd6bb6037654a4572e4

PODFILE CHECKSUM: 29fab5578d2b11873a529c66e03b3931b0898722

COCOAPODS: 1.13.0
