PODS:
  - DioBootcampNetwork/Debug (0.1.0)
  - lottie-ios (4.3.3)
  - SDWebImage (5.18.2):
    - SDWebImage/Core (= 5.18.2)
  - SDWebImage/Core (5.18.2)

DEPENDENCIES:
  - DioBootcampNetwork/Debug (from `/Users/giusevero/Documents/DioBootcamp/DioFinalChallenge/DioBootcampNetwork`)
  - lottie-ios
  - SDWebImage (~> 5.0)

SPEC REPOS:
  trunk:
    - lottie-ios
    - SDWebImage

EXTERNAL SOURCES:
  DioBootcampNetwork:
    :path: "/Users/giusevero/Documents/DioBootcamp/DioFinalChallenge/DioBootcampNetwork"

SPEC CHECKSUMS:
  DioBootcampNetwork: 60f77a2cd8b714b53f4b57aea4c62846961dfdc4
  lottie-ios: 25e7b2675dad5c3ddad369ac9baab03560c5bfdd
  SDWebImage: c0de394d7cf7f9838aed1fd6bb6037654a4572e4

PODFILE CHECKSUM: 4a5781fd82846b06b294337614bf4c2795cddadb

COCOAPODS: 1.13.0
